<?xml version="1.0" encoding="utf-8"?>
<Project ToolsVersion="15.0" xmlns="http://schemas.microsoft.com/developer/msbuild/2003">
  <ItemGroup>
    <ClCompile Include="..\library\buffers.c">
      <Filter>Source Files</Filter>
    </ClCompile>
    <ClCompile Include="..\library\cfileio.c">
      <Filter>Source Files</Filter>
    </ClCompile>
    <ClCompile Include="..\library\checksum.c">
      <Filter>Source Files</Filter>
    </ClCompile>
    <ClCompile Include="..\library\drvrfile.c">
      <Filter>Source Files</Filter>
    </ClCompile>
    <ClCompile Include="..\library\drvrmem.c">
      <Filter>Source Files</Filter>
    </ClCompile>
    <ClCompile Include="..\library\drvrnet.c">
      <Filter>Source Files</Filter>
    </ClCompile>
    <ClCompile Include="..\library\drvrsmem.c">
      <Filter>Source Files</Filter>
    </ClCompile>
    <ClCompile Include="..\library\drvrgsiftp.c">
      <Filter>Source Files</Filter>
    </ClCompile>
    <ClCompile Include="..\library\editcol.c">
      <Filter>Source Files</Filter>
    </ClCompile>
    <ClCompile Include="..\library\edithdu.c">
      <Filter>Source Files</Filter>
    </ClCompile>
    <ClCompile Include="..\library\eval_l.c">
      <Filter>Source Files</Filter>
    </ClCompile>
    <ClCompile Include="..\library\eval_y.c">
      <Filter>Source Files</Filter>
    </ClCompile>
    <ClCompile Include="..\library\eval_f.c">
      <Filter>Source Files</Filter>
    </ClCompile>
    <ClCompile Include="..\library\fitscore.c">
      <Filter>Source Files</Filter>
    </ClCompile>
    <ClCompile Include="..\library\getcol.c">
      <Filter>Source Files</Filter>
    </ClCompile>
    <ClCompile Include="..\library\getcolb.c">
      <Filter>Source Files</Filter>
    </ClCompile>
    <ClCompile Include="..\library\getcold.c">
      <Filter>Source Files</Filter>
    </ClCompile>
    <ClCompile Include="..\library\getcole.c">
      <Filter>Source Files</Filter>
    </ClCompile>
    <ClCompile Include="..\library\getcoli.c">
      <Filter>Source Files</Filter>
    </ClCompile>
    <ClCompile Include="..\library\getcolj.c">
      <Filter>Source Files</Filter>
    </ClCompile>
    <ClCompile Include="..\library\getcolk.c">
      <Filter>Source Files</Filter>
    </ClCompile>
    <ClCompile Include="..\library\getcoll.c">
      <Filter>Source Files</Filter>
    </ClCompile>
    <ClCompile Include="..\library\getcols.c">
      <Filter>Source Files</Filter>
    </ClCompile>
    <ClCompile Include="..\library\getcolsb.c">
      <Filter>Source Files</Filter>
    </ClCompile>
    <ClCompile Include="..\library\getcoluk.c">
      <Filter>Source Files</Filter>
    </ClCompile>
    <ClCompile Include="..\library\getcolui.c">
      <Filter>Source Files</Filter>
    </ClCompile>
    <ClCompile Include="..\library\getcoluj.c">
      <Filter>Source Files</Filter>
    </ClCompile>
    <ClCompile Include="..\library\getkey.c">
      <Filter>Source Files</Filter>
    </ClCompile>
    <ClCompile Include="..\library\group.c">
      <Filter>Source Files</Filter>
    </ClCompile>
    <ClCompile Include="..\library\grparser.c">
      <Filter>Source Files</Filter>
    </ClCompile>
    <ClCompile Include="..\library\histo.c">
      <Filter>Source Files</Filter>
    </ClCompile>
    <ClCompile Include="..\library\iraffits.c">
      <Filter>Source Files</Filter>
    </ClCompile>
    <ClCompile Include="..\library\modkey.c">
      <Filter>Source Files</Filter>
    </ClCompile>
    <ClCompile Include="..\library\putcol.c">
      <Filter>Source Files</Filter>
    </ClCompile>
    <ClCompile Include="..\library\putcolb.c">
      <Filter>Source Files</Filter>
    </ClCompile>
    <ClCompile Include="..\library\putcold.c">
      <Filter>Source Files</Filter>
    </ClCompile>
    <ClCompile Include="..\library\putcole.c">
      <Filter>Source Files</Filter>
    </ClCompile>
    <ClCompile Include="..\library\putcoli.c">
      <Filter>Source Files</Filter>
    </ClCompile>
    <ClCompile Include="..\library\putcolj.c">
      <Filter>Source Files</Filter>
    </ClCompile>
    <ClCompile Include="..\library\putcolk.c">
      <Filter>Source Files</Filter>
    </ClCompile>
    <ClCompile Include="..\library\putcoluk.c">
      <Filter>Source Files</Filter>
    </ClCompile>
    <ClCompile Include="..\library\putcoll.c">
      <Filter>Source Files</Filter>
    </ClCompile>
    <ClCompile Include="..\library\putcols.c">
      <Filter>Source Files</Filter>
    </ClCompile>
    <ClCompile Include="..\library\putcolsb.c">
      <Filter>Source Files</Filter>
    </ClCompile>
    <ClCompile Include="..\library\putcolu.c">
      <Filter>Source Files</Filter>
    </ClCompile>
    <ClCompile Include="..\library\putcolui.c">
      <Filter>Source Files</Filter>
    </ClCompile>
    <ClCompile Include="..\library\putcoluj.c">
      <Filter>Source Files</Filter>
    </ClCompile>
    <ClCompile Include="..\library\putkey.c">
      <Filter>Source Files</Filter>
    </ClCompile>
    <ClCompile Include="..\library\region.c">
      <Filter>Source Files</Filter>
    </ClCompile>
    <ClCompile Include="..\library\scalnull.c">
      <Filter>Source Files</Filter>
    </ClCompile>
    <ClCompile Include="..\library\swapproc.c">
      <Filter>Source Files</Filter>
    </ClCompile>
    <ClCompile Include="..\library\wcssub.c">
      <Filter>Source Files</Filter>
    </ClCompile>
    <ClCompile Include="..\library\wcsutil.c">
      <Filter>Source Files</Filter>
    </ClCompile>
    <ClCompile Include="..\library\imcompress.c">
      <Filter>Source Files</Filter>
    </ClCompile>
    <ClCompile Include="..\library\quantize.c">
      <Filter>Source Files</Filter>
    </ClCompile>
    <ClCompile Include="..\library\ricecomp.c">
      <Filter>Source Files</Filter>
    </ClCompile>
    <ClCompile Include="..\library\pliocomp.c">
      <Filter>Source Files</Filter>
    </ClCompile>
    <ClCompile Include="..\library\fits_hcompress.c">
      <Filter>Source Files</Filter>
    </ClCompile>
    <ClCompile Include="..\library\fits_hdecompress.c">
      <Filter>Source Files</Filter>
    </ClCompile>
    <ClCompile Include="..\library\zlib\zuncompress.c">
      <Filter>Source Files</Filter>
    </ClCompile>
    <ClCompile Include="..\library\zlib\zcompress.c">
      <Filter>Source Files</Filter>
    </ClCompile>
    <ClCompile Include="..\library\zlib\adler32.c">
      <Filter>Source Files</Filter>
    </ClCompile>
    <ClCompile Include="..\library\zlib\crc32.c">
      <Filter>Source Files</Filter>
    </ClCompile>
    <ClCompile Include="..\library\zlib\inffast.c">
      <Filter>Source Files</Filter>
    </ClCompile>
    <ClCompile Include="..\library\zlib\inftrees.c">
      <Filter>Source Files</Filter>
    </ClCompile>
    <ClCompile Include="..\library\zlib\trees.c">
      <Filter>Source Files</Filter>
    </ClCompile>
    <ClCompile Include="..\library\zlib\zutil.c">
      <Filter>Source Files</Filter>
    </ClCompile>
    <ClCompile Include="..\library\zlib\deflate.c">
      <Filter>Source Files</Filter>
    </ClCompile>
    <ClCompile Include="..\library\zlib\infback.c">
      <Filter>Source Files</Filter>
    </ClCompile>
    <ClCompile Include="..\library\zlib\inflate.c">
      <Filter>Source Files</Filter>
    </ClCompile>
    <ClCompile Include="..\library\zlib\uncompr.c">
      <Filter>Source Files</Filter>
    </ClCompile>
    <ClCompile Include="..\library\simplerng.c">
      <Filter>Source Files</Filter>
    </ClCompile>
    <ClCompile Include="..\library\f77_wrap1.c">
      <Filter>Source Files</Filter>
    </ClCompile>
    <ClCompile Include="..\library\f77_wrap2.c">
      <Filter>Source Files</Filter>
    </ClCompile>
    <ClCompile Include="..\library\f77_wrap3.c">
      <Filter>Source Files</Filter>
    </ClCompile>
    <ClCompile Include="..\library\f77_wrap4.c">
      <Filter>Source Files</Filter>
    </ClCompile>
  </ItemGroup>
  <ItemGroup>
    <ClInclude Include="..\library\cfortran.h">
      <Filter>Header Files</Filter>
    </ClInclude>
    <ClInclude Include="..\library\drvrgsiftp.h">
      <Filter>Header Files</Filter>
    </ClInclude>
    <ClInclude Include="..\library\drvrsmem.h">
      <Filter>Header Files</Filter>
    </ClInclude>
    <ClInclude Include="..\library\eval_defs.h">
      <Filter>Header Files</Filter>
    </ClInclude>
    <ClInclude Include="..\library\eval_tab.h">
      <Filter>Header Files</Filter>
    </ClInclude>
    <ClInclude Include="..\library\f77_wrap.h">
      <Filter>Header Files</Filter>
    </ClInclude>
    <ClInclude Include="..\library\fitsio.h">
      <Filter>Header Files</Filter>
    </ClInclude>
    <ClInclude Include="..\library\fitsio2.h">
      <Filter>Header Files</Filter>
    </ClInclude>
    <ClInclude Include="..\library\fpack.h">
      <Filter>Header Files</Filter>
    </ClInclude>
    <ClInclude Include="..\library\group.h">
      <Filter>Header Files</Filter>
    </ClInclude>
    <ClInclude Include="..\library\grparser.h">
      <Filter>Header Files</Filter>
    </ClInclude>
    <ClInclude Include="..\library\longnam.h">
      <Filter>Header Files</Filter>
    </ClInclude>
    <ClInclude Include="..\library\region.h">
      <Filter>Header Files</Filter>
    </ClInclude>
    <ClInclude Include="..\library\simplerng.h">
      <Filter>Header Files</Filter>
    </ClInclude>
    <ClInclude Include="..\library\unistd.h">
      <Filter>Header Files</Filter>
    </ClInclude>
  </ItemGroup>
  <ItemGroup>
    <Filter Include="Header Files">
      <UniqueIdentifier>{18CB2055-28E0-3A22-9A25-913F53CF720C}</UniqueIdentifier>
    </Filter>
    <Filter Include="Source Files">
      <UniqueIdentifier>{21594B0C-A9CD-3C7F-B234-F8304D350B5A}</UniqueIdentifier>
    </Filter>
  </ItemGroup>
</Project>