<?xml version="1.0" encoding="utf-8"?>
<Project ToolsVersion="4.0" xmlns="http://schemas.microsoft.com/developer/msbuild/2003">
  <ItemGroup>
    <Filter Include="Source Files">
      <UniqueIdentifier>{4FC737F1-C7A5-4376-A066-2A32D752A2FF}</UniqueIdentifier>
      <Extensions>cpp;c;cc;cxx;def;odl;idl;hpj;bat;asm;asmx</Extensions>
    </Filter>
    <Filter Include="Source Files\odlc">
      <UniqueIdentifier>{03c96db5-7a46-4490-8446-b45400157aab}</UniqueIdentifier>
    </Filter>
    <Filter Include="Source Files\oal">
      <UniqueIdentifier>{3a0127a0-7423-4e2c-918d-2ccc715f5a57}</UniqueIdentifier>
    </Filter>
    <Filter Include="Source Files\lablib3">
      <UniqueIdentifier>{71c49a0a-43d3-43a3-827d-acb6711cffb4}</UniqueIdentifier>
    </Filter>
    <Filter Include="Source Files\lablib">
      <UniqueIdentifier>{7cd1915c-d70f-4e82-9660-1ed2f5aaffba}</UniqueIdentifier>
    </Filter>
    <Filter Include="Header Files">
      <UniqueIdentifier>{93995380-89BD-4b04-88EB-625FBE52EBFB}</UniqueIdentifier>
      <Extensions>h;hpp;hxx;hm;inl;inc;xsd</Extensions>
    </Filter>
    <Filter Include="Header Files\odlc">
      <UniqueIdentifier>{31899d73-480c-4a2a-b8d0-ce9d26a4c35e}</UniqueIdentifier>
    </Filter>
    <Filter Include="Header Files\oal">
      <UniqueIdentifier>{40445494-d88a-4338-b4a6-c3c7a21d501e}</UniqueIdentifier>
    </Filter>
    <Filter Include="Header Files\lablib3">
      <UniqueIdentifier>{d3fabfee-9eb8-45c3-b1fa-504f0d89532e}</UniqueIdentifier>
    </Filter>
    <Filter Include="Header Files\lablib">
      <UniqueIdentifier>{b727947d-246d-40c7-92ae-a1e3d3e05875}</UniqueIdentifier>
    </Filter>
    <Filter Include="Resource Files">
      <UniqueIdentifier>{67DA6AB6-F800-4c08-8B7A-83BB121AAD01}</UniqueIdentifier>
      <Extensions>rc;ico;cur;bmp;dlg;rc2;rct;bin;rgs;gif;jpg;jpeg;jpe;resx;tiff;tif;png;wav</Extensions>
    </Filter>
  </ItemGroup>
  <ItemGroup>
    <ClCompile Include="..\library\odlc\a_nodes.c">
      <Filter>Source Files\odlc</Filter>
    </ClCompile>
    <ClCompile Include="..\library\odlc\ao_nodes.c">
      <Filter>Source Files\odlc</Filter>
    </ClCompile>
    <ClCompile Include="..\library\odlc\comments.c">
      <Filter>Source Files\odlc</Filter>
    </ClCompile>
    <ClCompile Include="..\library\odlc\cvtvalue.c">
      <Filter>Source Files\odlc</Filter>
    </ClCompile>
    <ClCompile Include="..\library\odlc\fmtvalue.c">
      <Filter>Source Files\odlc</Filter>
    </ClCompile>
    <ClCompile Include="..\library\odlc\lexan.c">
      <Filter>Source Files\odlc</Filter>
    </ClCompile>
    <ClCompile Include="..\library\odlc\p_nodes.c">
      <Filter>Source Files\odlc</Filter>
    </ClCompile>
    <ClCompile Include="..\library\odlc\parsact.c">
      <Filter>Source Files\odlc</Filter>
    </ClCompile>
    <ClCompile Include="..\library\odlc\parser.c">
      <Filter>Source Files\odlc</Filter>
    </ClCompile>
    <ClCompile Include="..\library\odlc\prtlabel.c">
      <Filter>Source Files\odlc</Filter>
    </ClCompile>
    <ClCompile Include="..\library\odlc\rdlabel.c">
      <Filter>Source Files\odlc</Filter>
    </ClCompile>
    <ClCompile Include="..\library\odlc\syslib.c">
      <Filter>Source Files\odlc</Filter>
    </ClCompile>
    <ClCompile Include="..\library\odlc\toolout.c">
      <Filter>Source Files\odlc</Filter>
    </ClCompile>
    <ClCompile Include="..\library\odlc\utillib.c">
      <Filter>Source Files\odlc</Filter>
    </ClCompile>
    <ClCompile Include="..\library\odlc\v_nodes.c">
      <Filter>Source Files\odlc</Filter>
    </ClCompile>
    <ClCompile Include="..\library\odlc\wrtlabel.c">
      <Filter>Source Files\odlc</Filter>
    </ClCompile>
    <ClCompile Include="..\library\oal\binrep.c">
      <Filter>Source Files\oal</Filter>
    </ClCompile>
    <ClCompile Include="..\library\oal\clmdcmp1.c">
      <Filter>Source Files\oal</Filter>
    </ClCompile>
    <ClCompile Include="..\library\oal\clmdcmp2.c">
      <Filter>Source Files\oal</Filter>
    </ClCompile>
    <ClCompile Include="..\library\oal\decomp.c">
      <Filter>Source Files\oal</Filter>
    </ClCompile>
    <ClCompile Include="..\library\oal\oa_gif.c">
      <Filter>Source Files\oal</Filter>
    </ClCompile>
    <ClCompile Include="..\library\oal\oal.c">
      <Filter>Source Files\oal</Filter>
    </ClCompile>
    <ClCompile Include="..\library\oal\oamalloc.c">
      <Filter>Source Files\oal</Filter>
    </ClCompile>
    <ClCompile Include="..\library\oal\obj_l1.c">
      <Filter>Source Files\oal</Filter>
    </ClCompile>
    <ClCompile Include="..\library\oal\obj_l2.c">
      <Filter>Source Files\oal</Filter>
    </ClCompile>
    <ClCompile Include="..\library\oal\odlutils.c">
      <Filter>Source Files\oal</Filter>
    </ClCompile>
    <ClCompile Include="..\library\oal\rprt_err.c">
      <Filter>Source Files\oal</Filter>
    </ClCompile>
    <ClCompile Include="..\library\oal\stream_l.c">
      <Filter>Source Files\oal</Filter>
    </ClCompile>
    <ClCompile Include="..\library\oal\struct_l.c">
      <Filter>Source Files\oal</Filter>
    </ClCompile>
    <ClCompile Include="..\library\oal\writegif.c">
      <Filter>Source Files\oal</Filter>
    </ClCompile>
    <ClCompile Include="..\library\lablib3\lablib3.c">
      <Filter>Source Files\lablib3</Filter>
    </ClCompile>
    <ClCompile Include="..\library\lablib\errorlib.c">
      <Filter>Source Files\lablib</Filter>
    </ClCompile>
    <ClCompile Include="..\library\lablib\fiolib.c">
      <Filter>Source Files\lablib</Filter>
    </ClCompile>
    <ClCompile Include="..\library\lablib\label.c">
      <Filter>Source Files\lablib</Filter>
    </ClCompile>
    <ClCompile Include="..\library\lablib\labutil.c">
      <Filter>Source Files\lablib</Filter>
    </ClCompile>
  </ItemGroup>
  <ItemGroup>
    <ClInclude Include="..\library\odlc\odldef.h">
      <Filter>Header Files\odlc</Filter>
    </ClInclude>
    <ClInclude Include="..\library\odlc\odlinter.h">
      <Filter>Header Files\odlc</Filter>
    </ClInclude>
    <ClInclude Include="..\library\odlc\odlparse.h">
      <Filter>Header Files\odlc</Filter>
    </ClInclude>
    <ClInclude Include="..\library\odlc\parser.h">
      <Filter>Header Files\odlc</Filter>
    </ClInclude>
    <ClInclude Include="..\library\odlc\pdsdef.h">
      <Filter>Header Files\odlc</Filter>
    </ClInclude>
    <ClInclude Include="..\library\odlc\pdsglob.h">
      <Filter>Header Files\odlc</Filter>
    </ClInclude>
    <ClInclude Include="..\library\odlc\sysdef.h">
      <Filter>Header Files\odlc</Filter>
    </ClInclude>
    <ClInclude Include="..\library\odlc\utildef.h">
      <Filter>Header Files\odlc</Filter>
    </ClInclude>
    <ClInclude Include="..\library\oal\binrep.h">
      <Filter>Header Files\oal</Filter>
    </ClInclude>
    <ClInclude Include="..\library\oal\jpeg_c.h">
      <Filter>Header Files\oal</Filter>
    </ClInclude>
    <ClInclude Include="..\library\oal\oal.h">
      <Filter>Header Files\oal</Filter>
    </ClInclude>
    <ClInclude Include="..\library\oal\oal_sys.h">
      <Filter>Header Files\oal</Filter>
    </ClInclude>
    <ClInclude Include="..\library\oal\oamalloc.h">
      <Filter>Header Files\oal</Filter>
    </ClInclude>
    <ClInclude Include="..\library\oal\odlutils.h">
      <Filter>Header Files\oal</Filter>
    </ClInclude>
    <ClInclude Include="..\library\oal\stream_h.h">
      <Filter>Header Files\oal</Filter>
    </ClInclude>
    <ClInclude Include="..\library\oal\stream_l.h">
      <Filter>Header Files\oal</Filter>
    </ClInclude>
    <ClInclude Include="..\library\oal\toolbox.h">
      <Filter>Header Files\oal</Filter>
    </ClInclude>
    <ClInclude Include="..\library\lablib3\lablib3.h">
      <Filter>Header Files\lablib3</Filter>
    </ClInclude>
    <ClInclude Include="..\library\lablib\errordef.h">
      <Filter>Header Files\lablib</Filter>
    </ClInclude>
    <ClInclude Include="..\library\lablib\fiodef.h">
      <Filter>Header Files\lablib</Filter>
    </ClInclude>
    <ClInclude Include="..\library\lablib\label.h">
      <Filter>Header Files\lablib</Filter>
    </ClInclude>
    <ClInclude Include="..\library\lablib\labutil.h">
      <Filter>Header Files\lablib</Filter>
    </ClInclude>
  </ItemGroup>
</Project>